
Microsoft Visual Studio Solution File, Format Version 12.00
# Visual Studio Version 16
VisualStudioVersion = 16.0.29911.84
MinimumVisualStudioVersion = 10.0.40219.1
Project("{FAE04EC0-301F-11D3-BF4B-00C04F79EFBC}") = "Slekstre", "Slekstre\Slekstre.csproj", "{858F2BDD-A5D8-4F38-9407-AA3DB7946DD5}"
EndProject
Project("{FAE04EC0-301F-11D3-BF4B-00C04F79EFBC}") = "UnitTesting", "PersonTest\UnitTesting.csproj", "{7186C753-BBF0-40DE-94AF-53DCDFAD3EEB}"
EndProject
Global
	GlobalSection(SolutionConfigurationPlatforms) = preSolution
		Debug|Any CPU = Debug|Any CPU
		Release|Any CPU = Release|Any CPU
	EndGlobalSection
	GlobalSection(ProjectConfigurationPlatforms) = postSolution
		{858F2BDD-A5D8-4F38-9407-AA3DB7946DD5}.Debug|Any CPU.ActiveCfg = Debug|Any CPU
		{858F2BDD-A5D8-4F38-9407-AA3DB7946DD5}.Debug|Any CPU.Build.0 = Debug|Any CPU
		{858F2BDD-A5D8-4F38-9407-AA3DB7946DD5}.Release|Any CPU.ActiveCfg = Release|Any CPU
		{858F2BDD-A5D8-4F38-9407-AA3DB7946DD5}.Release|Any CPU.Build.0 = Release|Any CPU
		{7186C753-BBF0-40DE-94AF-53DCDFAD3EEB}.Debug|Any CPU.ActiveCfg = Debug|Any CPU
		{7186C753-BBF0-40DE-94AF-53DCDFAD3EEB}.Debug|Any CPU.Build.0 = Debug|Any CPU
		{7186C753-BBF0-40DE-94AF-53DCDFAD3EEB}.Release|Any CPU.ActiveCfg = Release|Any CPU
		{7186C753-BBF0-40DE-94AF-53DCDFAD3EEB}.Release|Any CPU.Build.0 = Release|Any CPU
	EndGlobalSection
	GlobalSection(SolutionProperties) = preSolution
		HideSolutionNode = FALSE
	EndGlobalSection
	GlobalSection(ExtensibilityGlobals) = postSolution
		SolutionGuid = {9B3511A3-468B-4334-BEE0-D75342E58636}
	EndGlobalSection
EndGlobal
